// !$*UTF8*$!
{
	archiveVersion = 1;
	classes = {
	};
	objectVersion = 46;
	objects = {

/* Begin PBXBuildFile section */
		573C9DC91E0E6ABC00AF0C1D /* LCRefresh.bundle in Resources */ = {isa = PBXBuildFile; fileRef = 573C9DC81E0E6ABC00AF0C1D /* LCRefresh.bundle */; };
		57816BE51D509051000BF2B3 /* AppDelegate.swift in Sources */ = {isa = PBXBuildFile; fileRef = 57816BE41D509051000BF2B3 /* AppDelegate.swift */; };
		57816BE71D509051000BF2B3 /* ViewController.swift in Sources */ = {isa = PBXBuildFile; fileRef = 57816BE61D509051000BF2B3 /* ViewController.swift */; };
		57816BEA1D509051000BF2B3 /* Main.storyboard in Resources */ = {isa = PBXBuildFile; fileRef = 57816BE81D509051000BF2B3 /* Main.storyboard */; };
		57816BEC1D509051000BF2B3 /* Assets.xcassets in Resources */ = {isa = PBXBuildFile; fileRef = 57816BEB1D509051000BF2B3 /* Assets.xcassets */; };
		57816BEF1D509051000BF2B3 /* LaunchScreen.storyboard in Resources */ = {isa = PBXBuildFile; fileRef = 57816BED1D509051000BF2B3 /* LaunchScreen.storyboard */; };
		57816BFA1D509051000BF2B3 /* LCRefreshTests.swift in Sources */ = {isa = PBXBuildFile; fileRef = 57816BF91D509051000BF2B3 /* LCRefreshTests.swift */; };
		57816C051D509051000BF2B3 /* LCRefreshUITests.swift in Sources */ = {isa = PBXBuildFile; fileRef = 57816C041D509051000BF2B3 /* LCRefreshUITests.swift */; };
		57816C181D509EB8000BF2B3 /* LCRefresh.swift in Sources */ = {isa = PBXBuildFile; fileRef = 57816C171D509EB8000BF2B3 /* LCRefresh.swift */; };
		57CBCF8C1D52D79C003F6C06 /* LCRefreshEnum.swift in Sources */ = {isa = PBXBuildFile; fileRef = 57CBCF8B1D52D79C003F6C06 /* LCRefreshEnum.swift */; };
		57E5C9711D51811700C9F892 /* LCRefreshConst.swift in Sources */ = {isa = PBXBuildFile; fileRef = 57E5C9701D51811700C9F892 /* LCRefreshConst.swift */; };
		57E5C9791D5188BB00C9F892 /* LCRefreshHeader.swift in Sources */ = {isa = PBXBuildFile; fileRef = 57E5C9781D5188BB00C9F892 /* LCRefreshHeader.swift */; };
		57E5C9831D51F63500C9F892 /* LCRefreshFooter.swift in Sources */ = {isa = PBXBuildFile; fileRef = 57E5C9821D51F63500C9F892 /* LCRefreshFooter.swift */; };
/* End PBXBuildFile section */

/* Begin PBXContainerItemProxy section */
		57816BF61D509051000BF2B3 /* PBXContainerItemProxy */ = {
			isa = PBXContainerItemProxy;
			containerPortal = 57816BD91D509051000BF2B3 /* Project object */;
			proxyType = 1;
			remoteGlobalIDString = 57816BE01D509051000BF2B3;
			remoteInfo = LCRefresh;
		};
		57816C011D509051000BF2B3 /* PBXContainerItemProxy */ = {
			isa = PBXContainerItemProxy;
			containerPortal = 57816BD91D509051000BF2B3 /* Project object */;
			proxyType = 1;
			remoteGlobalIDString = 57816BE01D509051000BF2B3;
			remoteInfo = LCRefresh;
		};
/* End PBXContainerItemProxy section */

/* Begin PBXFileReference section */
		573C9DC81E0E6ABC00AF0C1D /* LCRefresh.bundle */ = {isa = PBXFileReference; lastKnownFileType = "wrapper.plug-in"; path = LCRefresh.bundle; sourceTree = "<group>"; };
		57816BE11D509051000BF2B3 /* LCRefresh.app */ = {isa = PBXFileReference; explicitFileType = wrapper.application; includeInIndex = 0; path = LCRefresh.app; sourceTree = BUILT_PRODUCTS_DIR; };
		57816BE41D509051000BF2B3 /* AppDelegate.swift */ = {isa = PBXFileReference; lastKnownFileType = sourcecode.swift; path = AppDelegate.swift; sourceTree = "<group>"; };
		57816BE61D509051000BF2B3 /* ViewController.swift */ = {isa = PBXFileReference; lastKnownFileType = sourcecode.swift; path = ViewController.swift; sourceTree = "<group>"; };
		57816BE91D509051000BF2B3 /* Base */ = {isa = PBXFileReference; lastKnownFileType = file.storyboard; name = Base; path = Base.lproj/Main.storyboard; sourceTree = "<group>"; };
		57816BEB1D509051000BF2B3 /* Assets.xcassets */ = {isa = PBXFileReference; lastKnownFileType = folder.assetcatalog; path = Assets.xcassets; sourceTree = "<group>"; };
		57816BEE1D509051000BF2B3 /* Base */ = {isa = PBXFileReference; lastKnownFileType = file.storyboard; name = Base; path = Base.lproj/LaunchScreen.storyboard; sourceTree = "<group>"; };
		57816BF01D509051000BF2B3 /* Info.plist */ = {isa = PBXFileReference; lastKnownFileType = text.plist.xml; path = Info.plist; sourceTree = "<group>"; };
		57816BF51D509051000BF2B3 /* LCRefreshTests.xctest */ = {isa = PBXFileReference; explicitFileType = wrapper.cfbundle; includeInIndex = 0; path = LCRefreshTests.xctest; sourceTree = BUILT_PRODUCTS_DIR; };
		57816BF91D509051000BF2B3 /* LCRefreshTests.swift */ = {isa = PBXFileReference; lastKnownFileType = sourcecode.swift; path = LCRefreshTests.swift; sourceTree = "<group>"; };
		57816BFB1D509051000BF2B3 /* Info.plist */ = {isa = PBXFileReference; lastKnownFileType = text.plist.xml; path = Info.plist; sourceTree = "<group>"; };
		57816C001D509051000BF2B3 /* LCRefreshUITests.xctest */ = {isa = PBXFileReference; explicitFileType = wrapper.cfbundle; includeInIndex = 0; path = LCRefreshUITests.xctest; sourceTree = BUILT_PRODUCTS_DIR; };
		57816C041D509051000BF2B3 /* LCRefreshUITests.swift */ = {isa = PBXFileReference; lastKnownFileType = sourcecode.swift; path = LCRefreshUITests.swift; sourceTree = "<group>"; };
		57816C061D509051000BF2B3 /* Info.plist */ = {isa = PBXFileReference; lastKnownFileType = text.plist.xml; path = Info.plist; sourceTree = "<group>"; };
		57816C171D509EB8000BF2B3 /* LCRefresh.swift */ = {isa = PBXFileReference; fileEncoding = 4; lastKnownFileType = sourcecode.swift; path = LCRefresh.swift; sourceTree = "<group>"; };
		57CBCF8B1D52D79C003F6C06 /* LCRefreshEnum.swift */ = {isa = PBXFileReference; fileEncoding = 4; lastKnownFileType = sourcecode.swift; path = LCRefreshEnum.swift; sourceTree = "<group>"; };
		57E5C9701D51811700C9F892 /* LCRefreshConst.swift */ = {isa = PBXFileReference; fileEncoding = 4; lastKnownFileType = sourcecode.swift; path = LCRefreshConst.swift; sourceTree = "<group>"; };
		57E5C9781D5188BB00C9F892 /* LCRefreshHeader.swift */ = {isa = PBXFileReference; fileEncoding = 4; lastKnownFileType = sourcecode.swift; path = LCRefreshHeader.swift; sourceTree = "<group>"; };
		57E5C9821D51F63500C9F892 /* LCRefreshFooter.swift */ = {isa = PBXFileReference; fileEncoding = 4; lastKnownFileType = sourcecode.swift; path = LCRefreshFooter.swift; sourceTree = "<group>"; };
/* End PBXFileReference section */

/* Begin PBXFrameworksBuildPhase section */
		57816BDE1D509051000BF2B3 /* Frameworks */ = {
			isa = PBXFrameworksBuildPhase;
			buildActionMask = 2147483647;
			files = (
			);
			runOnlyForDeploymentPostprocessing = 0;
		};
		57816BF21D509051000BF2B3 /* Frameworks */ = {
			isa = PBXFrameworksBuildPhase;
			buildActionMask = 2147483647;
			files = (
			);
			runOnlyForDeploymentPostprocessing = 0;
		};
		57816BFD1D509051000BF2B3 /* Frameworks */ = {
			isa = PBXFrameworksBuildPhase;
			buildActionMask = 2147483647;
			files = (
			);
			runOnlyForDeploymentPostprocessing = 0;
		};
/* End PBXFrameworksBuildPhase section */

/* Begin PBXGroup section */
		57816BD81D509051000BF2B3 = {
			isa = PBXGroup;
			children = (
				57816BE31D509051000BF2B3 /* LCRefresh */,
				57816BF81D509051000BF2B3 /* LCRefreshTests */,
				57816C031D509051000BF2B3 /* LCRefreshUITests */,
				57816BE21D509051000BF2B3 /* Products */,
			);
			sourceTree = "<group>";
		};
		57816BE21D509051000BF2B3 /* Products */ = {
			isa = PBXGroup;
			children = (
				57816BE11D509051000BF2B3 /* LCRefresh.app */,
				57816BF51D509051000BF2B3 /* LCRefreshTests.xctest */,
				57816C001D509051000BF2B3 /* LCRefreshUITests.xctest */,
			);
			name = Products;
			sourceTree = "<group>";
		};
		57816BE31D509051000BF2B3 /* LCRefresh */ = {
			isa = PBXGroup;
			children = (
				57816C161D509E44000BF2B3 /* LCRefresh */,
				57816BE41D509051000BF2B3 /* AppDelegate.swift */,
				57816BE61D509051000BF2B3 /* ViewController.swift */,
				57816BE81D509051000BF2B3 /* Main.storyboard */,
				57816BEB1D509051000BF2B3 /* Assets.xcassets */,
				57816BED1D509051000BF2B3 /* LaunchScreen.storyboard */,
				57816BF01D509051000BF2B3 /* Info.plist */,
			);
			path = LCRefresh;
			sourceTree = "<group>";
		};
		57816BF81D509051000BF2B3 /* LCRefreshTests */ = {
			isa = PBXGroup;
			children = (
				57816BF91D509051000BF2B3 /* LCRefreshTests.swift */,
				57816BFB1D509051000BF2B3 /* Info.plist */,
			);
			path = LCRefreshTests;
			sourceTree = "<group>";
		};
		57816C031D509051000BF2B3 /* LCRefreshUITests */ = {
			isa = PBXGroup;
			children = (
				57816C041D509051000BF2B3 /* LCRefreshUITests.swift */,
				57816C061D509051000BF2B3 /* Info.plist */,
			);
			path = LCRefreshUITests;
			sourceTree = "<group>";
		};
		57816C161D509E44000BF2B3 /* LCRefresh */ = {
			isa = PBXGroup;
			children = (
				57816C171D509EB8000BF2B3 /* LCRefresh.swift */,
				57CBCF8B1D52D79C003F6C06 /* LCRefreshEnum.swift */,
				57E5C9701D51811700C9F892 /* LCRefreshConst.swift */,
				57E5C9781D5188BB00C9F892 /* LCRefreshHeader.swift */,
				57E5C9821D51F63500C9F892 /* LCRefreshFooter.swift */,
				573C9DC81E0E6ABC00AF0C1D /* LCRefresh.bundle */,
			);
			path = LCRefresh;
			sourceTree = "<group>";
		};
/* End PBXGroup section */

/* Begin PBXNativeTarget section */
		57816BE01D509051000BF2B3 /* LCRefresh */ = {
			isa = PBXNativeTarget;
			buildConfigurationList = 57816C091D509051000BF2B3 /* Build configuration list for PBXNativeTarget "LCRefresh" */;
			buildPhases = (
				57816BDD1D509051000BF2B3 /* Sources */,
				57816BDE1D509051000BF2B3 /* Frameworks */,
				57816BDF1D509051000BF2B3 /* Resources */,
			);
			buildRules = (
			);
			dependencies = (
			);
			name = LCRefresh;
			productName = LCRefresh;
			productReference = 57816BE11D509051000BF2B3 /* LCRefresh.app */;
			productType = "com.apple.product-type.application";
		};
		57816BF41D509051000BF2B3 /* LCRefreshTests */ = {
			isa = PBXNativeTarget;
			buildConfigurationList = 57816C0C1D509051000BF2B3 /* Build configuration list for PBXNativeTarget "LCRefreshTests" */;
			buildPhases = (
				57816BF11D509051000BF2B3 /* Sources */,
				57816BF21D509051000BF2B3 /* Frameworks */,
				57816BF31D509051000BF2B3 /* Resources */,
			);
			buildRules = (
			);
			dependencies = (
				57816BF71D509051000BF2B3 /* PBXTargetDependency */,
			);
			name = LCRefreshTests;
			productName = LCRefreshTests;
			productReference = 57816BF51D509051000BF2B3 /* LCRefreshTests.xctest */;
			productType = "com.apple.product-type.bundle.unit-test";
		};
		57816BFF1D509051000BF2B3 /* LCRefreshUITests */ = {
			isa = PBXNativeTarget;
			buildConfigurationList = 57816C0F1D509051000BF2B3 /* Build configuration list for PBXNativeTarget "LCRefreshUITests" */;
			buildPhases = (
				57816BFC1D509051000BF2B3 /* Sources */,
				57816BFD1D509051000BF2B3 /* Frameworks */,
				57816BFE1D509051000BF2B3 /* Resources */,
			);
			buildRules = (
			);
			dependencies = (
				57816C021D509051000BF2B3 /* PBXTargetDependency */,
			);
			name = LCRefreshUITests;
			productName = LCRefreshUITests;
			productReference = 57816C001D509051000BF2B3 /* LCRefreshUITests.xctest */;
			productType = "com.apple.product-type.bundle.ui-testing";
		};
/* End PBXNativeTarget section */

/* Begin PBXProject section */
		57816BD91D509051000BF2B3 /* Project object */ = {
			isa = PBXProject;
			attributes = {
				LastSwiftUpdateCheck = 0730;
				LastUpgradeCheck = 0810;
				ORGANIZATIONNAME = West;
				TargetAttributes = {
					57816BE01D509051000BF2B3 = {
						CreatedOnToolsVersion = 7.3.1;
						LastSwiftMigration = 0810;
					};
					57816BF41D509051000BF2B3 = {
						CreatedOnToolsVersion = 7.3.1;
						LastSwiftMigration = 0810;
						TestTargetID = 57816BE01D509051000BF2B3;
					};
					57816BFF1D509051000BF2B3 = {
						CreatedOnToolsVersion = 7.3.1;
						LastSwiftMigration = 0810;
						TestTargetID = 57816BE01D509051000BF2B3;
					};
				};
			};
			buildConfigurationList = 57816BDC1D509051000BF2B3 /* Build configuration list for PBXProject "LCRefresh" */;
			compatibilityVersion = "Xcode 3.2";
			developmentRegion = English;
			hasScannedForEncodings = 0;
			knownRegions = (
				en,
				Base,
			);
			mainGroup = 57816BD81D509051000BF2B3;
			productRefGroup = 57816BE21D509051000BF2B3 /* Products */;
			projectDirPath = "";
			projectRoot = "";
			targets = (
				57816BE01D509051000BF2B3 /* LCRefresh */,
				57816BF41D509051000BF2B3 /* LCRefreshTests */,
				57816BFF1D509051000BF2B3 /* LCRefreshUITests */,
			);
		};
/* End PBXProject section */

/* Begin PBXResourcesBuildPhase section */
		57816BDF1D509051000BF2B3 /* Resources */ = {
			isa = PBXResourcesBuildPhase;
			buildActionMask = 2147483647;
			files = (
				57816BEF1D509051000BF2B3 /* LaunchScreen.storyboard in Resources */,
				573C9DC91E0E6ABC00AF0C1D /* LCRefresh.bundle in Resources */,
				57816BEC1D509051000BF2B3 /* Assets.xcassets in Resources */,
				57816BEA1D509051000BF2B3 /* Main.storyboard in Resources */,
			);
			runOnlyForDeploymentPostprocessing = 0;
		};
		57816BF31D509051000BF2B3 /* Resources */ = {
			isa = PBXResourcesBuildPhase;
			buildActionMask = 2147483647;
			files = (
			);
			runOnlyForDeploymentPostprocessing = 0;
		};
		57816BFE1D509051000BF2B3 /* Resources */ = {
			isa = PBXResourcesBuildPhase;
			buildActionMask = 2147483647;
			files = (
			);
			runOnlyForDeploymentPostprocessing = 0;
		};
/* End PBXResourcesBuildPhase section */

/* Begin PBXSourcesBuildPhase section */
		57816BDD1D509051000BF2B3 /* Sources */ = {
			isa = PBXSourcesBuildPhase;
			buildActionMask = 2147483647;
			files = (
				57816C181D509EB8000BF2B3 /* LCRefresh.swift in Sources */,
				57E5C9711D51811700C9F892 /* LCRefreshConst.swift in Sources */,
				57816BE71D509051000BF2B3 /* ViewController.swift in Sources */,
				57816BE51D509051000BF2B3 /* AppDelegate.swift in Sources */,
				57E5C9791D5188BB00C9F892 /* LCRefreshHeader.swift in Sources */,
				57CBCF8C1D52D79C003F6C06 /* LCRefreshEnum.swift in Sources */,
				57E5C9831D51F63500C9F892 /* LCRefreshFooter.swift in Sources */,
			);
			runOnlyForDeploymentPostprocessing = 0;
		};
		57816BF11D509051000BF2B3 /* Sources */ = {
			isa = PBXSourcesBuildPhase;
			buildActionMask = 2147483647;
			files = (
				57816BFA1D509051000BF2B3 /* LCRefreshTests.swift in Sources */,
			);
			runOnlyForDeploymentPostprocessing = 0;
		};
		57816BFC1D509051000BF2B3 /* Sources */ = {
			isa = PBXSourcesBuildPhase;
			buildActionMask = 2147483647;
			files = (
				57816C051D509051000BF2B3 /* LCRefreshUITests.swift in Sources */,
			);
			runOnlyForDeploymentPostprocessing = 0;
		};
/* End PBXSourcesBuildPhase section */

/* Begin PBXTargetDependency section */
		57816BF71D509051000BF2B3 /* PBXTargetDependency */ = {
			isa = PBXTargetDependency;
			target = 57816BE01D509051000BF2B3 /* LCRefresh */;
			targetProxy = 57816BF61D509051000BF2B3 /* PBXContainerItemProxy */;
		};
		57816C021D509051000BF2B3 /* PBXTargetDependency */ = {
			isa = PBXTargetDependency;
			target = 57816BE01D509051000BF2B3 /* LCRefresh */;
			targetProxy = 57816C011D509051000BF2B3 /* PBXContainerItemProxy */;
		};
/* End PBXTargetDependency section */

/* Begin PBXVariantGroup section */
		57816BE81D509051000BF2B3 /* Main.storyboard */ = {
			isa = PBXVariantGroup;
			children = (
				57816BE91D509051000BF2B3 /* Base */,
			);
			name = Main.storyboard;
			sourceTree = "<group>";
		};
		57816BED1D509051000BF2B3 /* LaunchScreen.storyboard */ = {
			isa = PBXVariantGroup;
			children = (
				57816BEE1D509051000BF2B3 /* Base */,
			);
			name = LaunchScreen.storyboard;
			sourceTree = "<group>";
		};
/* End PBXVariantGroup section */

/* Begin XCBuildConfiguration section */
		57816C071D509051000BF2B3 /* Debug */ = {
			isa = XCBuildConfiguration;
			buildSettings = {
				ALWAYS_SEARCH_USER_PATHS = NO;
				CLANG_ANALYZER_NONNULL = YES;
				CLANG_CXX_LANGUAGE_STANDARD = "gnu++0x";
				CLANG_CXX_LIBRARY = "libc++";
				CLANG_ENABLE_MODULES = YES;
				CLANG_ENABLE_OBJC_ARC = YES;
				CLANG_WARN_BOOL_CONVERSION = YES;
				CLANG_WARN_CONSTANT_CONVERSION = YES;
				CLANG_WARN_DIRECT_OBJC_ISA_USAGE = YES_ERROR;
				CLANG_WARN_EMPTY_BODY = YES;
				CLANG_WARN_ENUM_CONVERSION = YES;
				CLANG_WARN_INFINITE_RECURSION = YES;
				CLANG_WARN_INT_CONVERSION = YES;
				CLANG_WARN_OBJC_ROOT_CLASS = YES_ERROR;
				CLANG_WARN_SUSPICIOUS_MOVE = YES;
				CLANG_WARN_UNREACHABLE_CODE = YES;
				CLANG_WARN__DUPLICATE_METHOD_MATCH = YES;
				"CODE_SIGN_IDENTITY[sdk=iphoneos*]" = "iPhone Developer";
				COPY_PHASE_STRIP = NO;
				DEBUG_INFORMATION_FORMAT = dwarf;
				ENABLE_STRICT_OBJC_MSGSEND = YES;
				ENABLE_TESTABILITY = YES;
				GCC_C_LANGUAGE_STANDARD = gnu99;
				GCC_DYNAMIC_NO_PIC = NO;
				GCC_NO_COMMON_BLOCKS = YES;
				GCC_OPTIMIZATION_LEVEL = 0;
				GCC_PREPROCESSOR_DEFINITIONS = (
					"DEBUG=1",
					"$(inherited)",
				);
				GCC_WARN_64_TO_32_BIT_CONVERSION = YES;
				GCC_WARN_ABOUT_RETURN_TYPE = YES_ERROR;
				GCC_WARN_UNDECLARED_SELECTOR = YES;
				GCC_WARN_UNINITIALIZED_AUTOS = YES_AGGRESSIVE;
				GCC_WARN_UNUSED_FUNCTION = YES;
				GCC_WARN_UNUSED_VARIABLE = YES;
				IPHONEOS_DEPLOYMENT_TARGET = 9.3;
				MTL_ENABLE_DEBUG_INFO = YES;
				ONLY_ACTIVE_ARCH = YES;
				SDKROOT = iphoneos;
				SWIFT_OPTIMIZATION_LEVEL = "-Onone";
			};
			name = Debug;
		};
		57816C081D509051000BF2B3 /* Release */ = {
			isa = XCBuildConfiguration;
			buildSettings = {
				ALWAYS_SEARCH_USER_PATHS = NO;
				CLANG_ANALYZER_NONNULL = YES;
				CLANG_CXX_LANGUAGE_STANDARD = "gnu++0x";
				CLANG_CXX_LIBRARY = "libc++";
				CLANG_ENABLE_MODULES = YES;
				CLANG_ENABLE_OBJC_ARC = YES;
				CLANG_WARN_BOOL_CONVERSION = YES;
				CLANG_WARN_CONSTANT_CONVERSION = YES;
				CLANG_WARN_DIRECT_OBJC_ISA_USAGE = YES_ERROR;
				CLANG_WARN_EMPTY_BODY = YES;
				CLANG_WARN_ENUM_CONVERSION = YES;
				CLANG_WARN_INFINITE_RECURSION = YES;
				CLANG_WARN_INT_CONVERSION = YES;
				CLANG_WARN_OBJC_ROOT_CLASS = YES_ERROR;
				CLANG_WARN_SUSPICIOUS_MOVE = YES;
				CLANG_WARN_UNREACHABLE_CODE = YES;
				CLANG_WARN__DUPLICATE_METHOD_MATCH = YES;
				"CODE_SIGN_IDENTITY[sdk=iphoneos*]" = "iPhone Developer";
				COPY_PHASE_STRIP = NO;
				DEBUG_INFORMATION_FORMAT = "dwarf-with-dsym";
				ENABLE_NS_ASSERTIONS = NO;
				ENABLE_STRICT_OBJC_MSGSEND = YES;
				GCC_C_LANGUAGE_STANDARD = gnu99;
				GCC_NO_COMMON_BLOCKS = YES;
				GCC_WARN_64_TO_32_BIT_CONVERSION = YES;
				GCC_WARN_ABOUT_RETURN_TYPE = YES_ERROR;
				GCC_WARN_UNDECLARED_SELECTOR = YES;
				GCC_WARN_UNINITIALIZED_AUTOS = YES_AGGRESSIVE;
				GCC_WARN_UNUSED_FUNCTION = YES;
				GCC_WARN_UNUSED_VARIABLE = YES;
				IPHONEOS_DEPLOYMENT_TARGET = 9.3;
				MTL_ENABLE_DEBUG_INFO = NO;
				SDKROOT = iphoneos;
				SWIFT_OPTIMIZATION_LEVEL = "-Owholemodule";
				VALIDATE_PRODUCT = YES;
			};
			name = Release;
		};
		57816C0A1D509051000BF2B3 /* Debug */ = {
			isa = XCBuildConfiguration;
			buildSettings = {
				ASSETCATALOG_COMPILER_APPICON_NAME = AppIcon;
				INFOPLIST_FILE = LCRefresh/Info.plist;
				LD_RUNPATH_SEARCH_PATHS = "$(inherited) @executable_path/Frameworks";
				PRODUCT_BUNDLE_IDENTIFIER = LX.LCRefresh;
				PRODUCT_NAME = "$(TARGET_NAME)";
				SWIFT_VERSION = 3.0;
			};
			name = Debug;
		};
		57816C0B1D509051000BF2B3 /* Release */ = {
			isa = XCBuildConfiguration;
			buildSettings = {
				ASSETCATALOG_COMPILER_APPICON_NAME = AppIcon;
				INFOPLIST_FILE = LCRefresh/Info.plist;
				LD_RUNPATH_SEARCH_PATHS = "$(inherited) @executable_path/Frameworks";
				PRODUCT_BUNDLE_IDENTIFIER = LX.LCRefresh;
				PRODUCT_NAME = "$(TARGET_NAME)";
				SWIFT_VERSION = 3.0;
			};
			name = Release;
		};
		57816C0D1D509051000BF2B3 /* Debug */ = {
			isa = XCBuildConfiguration;
			buildSettings = {
				BUNDLE_LOADER = "$(TEST_HOST)";
				INFOPLIST_FILE = LCRefreshTests/Info.plist;
				LD_RUNPATH_SEARCH_PATHS = "$(inherited) @executable_path/Frameworks @loader_path/Frameworks";
				PRODUCT_BUNDLE_IDENTIFIER = LX.LCRefreshTests;
				PRODUCT_NAME = "$(TARGET_NAME)";
				SWIFT_VERSION = 3.0;
				TEST_HOST = "$(BUILT_PRODUCTS_DIR)/LCRefresh.app/LCRefresh";
			};
			name = Debug;
		};
		57816C0E1D509051000BF2B3 /* Release */ = {
			isa = XCBuildConfiguration;
			buildSettings = {
				BUNDLE_LOADER = "$(TEST_HOST)";
				INFOPLIST_FILE = LCRefreshTests/Info.plist;
				LD_RUNPATH_SEARCH_PATHS = "$(inherited) @executable_path/Frameworks @loader_path/Frameworks";
				PRODUCT_BUNDLE_IDENTIFIER = LX.LCRefreshTests;
				PRODUCT_NAME = "$(TARGET_NAME)";
				SWIFT_VERSION = 3.0;
				TEST_HOST = "$(BUILT_PRODUCTS_DIR)/LCRefresh.app/LCRefresh";
			};
			name = Release;
		};
		57816C101D509051000BF2B3 /* Debug */ = {
			isa = XCBuildConfiguration;
			buildSettings = {
				INFOPLIST_FILE = LCRefreshUITests/Info.plist;
				LD_RUNPATH_SEARCH_PATHS = "$(inherited) @executable_path/Frameworks @loader_path/Frameworks";
				PRODUCT_BUNDLE_IDENTIFIER = LX.LCRefreshUITests;
				PRODUCT_NAME = "$(TARGET_NAME)";
				SWIFT_VERSION = 3.0;
				TEST_TARGET_NAME = LCRefresh;
			};
			name = Debug;
		};
		57816C111D509051000BF2B3 /* Release */ = {
			isa = XCBuildConfiguration;
			buildSettings = {
				INFOPLIST_FILE = LCRefreshUITests/Info.plist;
				LD_RUNPATH_SEARCH_PATHS = "$(inherited) @executable_path/Frameworks @loader_path/Frameworks";
				PRODUCT_BUNDLE_IDENTIFIER = LX.LCRefreshUITests;
				PRODUCT_NAME = "$(TARGET_NAME)";
				SWIFT_VERSION = 3.0;
				TEST_TARGET_NAME = LCRefresh;
			};
			name = Release;
		};
/* End XCBuildConfiguration section */

/* Begin XCConfigurationList section */
		57816BDC1D509051000BF2B3 /* Build configuration list for PBXProject "LCRefresh" */ = {
			isa = XCConfigurationList;
			buildConfigurations = (
				57816C071D509051000BF2B3 /* Debug */,
				57816C081D509051000BF2B3 /* Release */,
			);
			defaultConfigurationIsVisible = 0;
			defaultConfigurationName = Release;
		};
		57816C091D509051000BF2B3 /* Build configuration list for PBXNativeTarget "LCRefresh" */ = {
			isa = XCConfigurationList;
			buildConfigurations = (
				57816C0A1D509051000BF2B3 /* Debug */,
				57816C0B1D509051000BF2B3 /* Release */,
			);
			defaultConfigurationIsVisible = 0;
			defaultConfigurationName = Release;
		};
		57816C0C1D509051000BF2B3 /* Build configuration list for PBXNativeTarget "LCRefreshTests" */ = {
			isa = XCConfigurationList;
			buildConfigurations = (
				57816C0D1D509051000BF2B3 /* Debug */,
				57816C0E1D509051000BF2B3 /* Release */,
			);
			defaultConfigurationIsVisible = 0;
			defaultConfigurationName = Release;
		};
		57816C0F1D509051000BF2B3 /* Build configuration list for PBXNativeTarget "LCRefreshUITests" */ = {
			isa = XCConfigurationList;
			buildConfigurations = (
				57816C101D509051000BF2B3 /* Debug */,
				57816C111D509051000BF2B3 /* Release */,
			);
			defaultConfigurationIsVisible = 0;
			defaultConfigurationName = Release;
		};
/* End XCConfigurationList section */
	};
	rootObject = 57816BD91D509051000BF2B3 /* Project object */;
}
